
Microsoft Visual Studio Solution File, Format Version 12.00
# Visual Studio Version 17
VisualStudioVersion = 17.6.33723.286
MinimumVisualStudioVersion = 10.0.40219.1
Project("{FAE04EC0-301F-11D3-BF4B-00C04F79EFBC}") = "Views", "Views.csproj", "{535816A4-8E64-44E2-B5AE-50A9E73D2B36}"
EndProject
Project("{FAE04EC0-301F-11D3-BF4B-00C04F79EFBC}") = "Entities", "..\Entities\Entities.csproj", "{CEC88F3D-9539-4E6F-9CA5-B6466DF7D9CF}"
EndProject
Global
	GlobalSection(SolutionConfigurationPlatforms) = preSolution
		Debug|Any CPU = Debug|Any CPU
		Release|Any CPU = Release|Any CPU
	EndGlobalSection
	GlobalSection(ProjectConfigurationPlatforms) = postSolution
		{535816A4-8E64-44E2-B5AE-50A9E73D2B36}.Debug|Any CPU.ActiveCfg = Debug|Any CPU
		{535816A4-8E64-44E2-B5AE-50A9E73D2B36}.Debug|Any CPU.Build.0 = Debug|Any CPU
		{535816A4-8E64-44E2-B5AE-50A9E73D2B36}.Release|Any CPU.ActiveCfg = Release|Any CPU
		{535816A4-8E64-44E2-B5AE-50A9E73D2B36}.Release|Any CPU.Build.0 = Release|Any CPU
		{CEC88F3D-9539-4E6F-9CA5-B6466DF7D9CF}.Debug|Any CPU.ActiveCfg = Debug|Any CPU
		{CEC88F3D-9539-4E6F-9CA5-B6466DF7D9CF}.Debug|Any CPU.Build.0 = Debug|Any CPU
		{CEC88F3D-9539-4E6F-9CA5-B6466DF7D9CF}.Release|Any CPU.ActiveCfg = Release|Any CPU
		{CEC88F3D-9539-4E6F-9CA5-B6466DF7D9CF}.Release|Any CPU.Build.0 = Release|Any CPU
	EndGlobalSection
	GlobalSection(SolutionProperties) = preSolution
		HideSolutionNode = FALSE
	EndGlobalSection
	GlobalSection(ExtensibilityGlobals) = postSolution
		SolutionGuid = {249DF5D7-1F01-4A38-B03E-48AFDF58F0B5}
	EndGlobalSection
EndGlobal
